
Microsoft Visual Studio Solution File, Format Version 12.00
# Visual Studio Version 17
VisualStudioVersion = 17.13.35818.85 d17.13
MinimumVisualStudioVersion = 10.0.40219.1
Project("{FAE04EC0-301F-11D3-BF4B-00C04F79EFBC}") = "Secret_chat_Client", "Secret_chat\Secret_chat_Client.csproj", "{438BF979-A88E-4373-AAF7-CA3E184CC6B7}"
EndProject
Project("{FAE04EC0-301F-11D3-BF4B-00C04F79EFBC}") = "Secret_chat_Server", "Secret_chat_Server\Secret_chat_Server.csproj", "{8EF5E806-3180-4AA7-9A4C-823F65824D01}"
EndProject
Global
	GlobalSection(SolutionConfigurationPlatforms) = preSolution
		Debug|Any CPU = Debug|Any CPU
		Release|Any CPU = Release|Any CPU
	EndGlobalSection
	GlobalSection(ProjectConfigurationPlatforms) = postSolution
		{438BF979-A88E-4373-AAF7-CA3E184CC6B7}.Debug|Any CPU.ActiveCfg = Debug|Any CPU
		{438BF979-A88E-4373-AAF7-CA3E184CC6B7}.Debug|Any CPU.Build.0 = Debug|Any CPU
		{438BF979-A88E-4373-AAF7-CA3E184CC6B7}.Release|Any CPU.ActiveCfg = Release|Any CPU
		{438BF979-A88E-4373-AAF7-CA3E184CC6B7}.Release|Any CPU.Build.0 = Release|Any CPU
		{8EF5E806-3180-4AA7-9A4C-823F65824D01}.Debug|Any CPU.ActiveCfg = Debug|Any CPU
		{8EF5E806-3180-4AA7-9A4C-823F65824D01}.Debug|Any CPU.Build.0 = Debug|Any CPU
		{8EF5E806-3180-4AA7-9A4C-823F65824D01}.Release|Any CPU.ActiveCfg = Release|Any CPU
		{8EF5E806-3180-4AA7-9A4C-823F65824D01}.Release|Any CPU.Build.0 = Release|Any CPU
	EndGlobalSection
	GlobalSection(SolutionProperties) = preSolution
		HideSolutionNode = FALSE
	EndGlobalSection
	GlobalSection(ExtensibilityGlobals) = postSolution
		SolutionGuid = {769FCC5A-4A32-4B60-92D0-AB4BA4E1E099}
	EndGlobalSection
EndGlobal
